
Microsoft Visual Studio Solution File, Format Version 12.00
# Visual Studio Version 17
VisualStudioVersion = 17.6.33815.320
MinimumVisualStudioVersion = 10.0.40219.1
Project("{9A19103F-16F7-4668-BE54-9A1E7A4F7556}") = "Actividad1", "Actividad1\Actividad1.csproj", "{262488F6-FF9F-4CF8-AD75-8463B932672A}"
EndProject
Project("{FAE04EC0-301F-11D3-BF4B-00C04F79EFBC}") = "Actividad2", "Actividad2\Actividad2.csproj", "{B3AB58C7-1211-44B0-B0A8-8B047B9E64E9}"
EndProject
Global
	GlobalSection(SolutionConfigurationPlatforms) = preSolution
		Debug|Any CPU = Debug|Any CPU
		Release|Any CPU = Release|Any CPU
	EndGlobalSection
	GlobalSection(ProjectConfigurationPlatforms) = postSolution
		{262488F6-FF9F-4CF8-AD75-8463B932672A}.Debug|Any CPU.ActiveCfg = Debug|Any CPU
		{262488F6-FF9F-4CF8-AD75-8463B932672A}.Debug|Any CPU.Build.0 = Debug|Any CPU
		{262488F6-FF9F-4CF8-AD75-8463B932672A}.Release|Any CPU.ActiveCfg = Release|Any CPU
		{262488F6-FF9F-4CF8-AD75-8463B932672A}.Release|Any CPU.Build.0 = Release|Any CPU
		{B3AB58C7-1211-44B0-B0A8-8B047B9E64E9}.Debug|Any CPU.ActiveCfg = Debug|Any CPU
		{B3AB58C7-1211-44B0-B0A8-8B047B9E64E9}.Debug|Any CPU.Build.0 = Debug|Any CPU
		{B3AB58C7-1211-44B0-B0A8-8B047B9E64E9}.Release|Any CPU.ActiveCfg = Release|Any CPU
		{B3AB58C7-1211-44B0-B0A8-8B047B9E64E9}.Release|Any CPU.Build.0 = Release|Any CPU
	EndGlobalSection
	GlobalSection(SolutionProperties) = preSolution
		HideSolutionNode = FALSE
	EndGlobalSection
	GlobalSection(ExtensibilityGlobals) = postSolution
		SolutionGuid = {47D7B49E-560B-491E-8F6F-92646D62DE1B}
	EndGlobalSection
EndGlobal
